
Microsoft Visual Studio Solution File, Format Version 12.00
# Visual Studio Version 17
VisualStudioVersion = 17.1.32421.90
MinimumVisualStudioVersion = 10.0.40219.1
Project("{FAE04EC0-301F-11D3-BF4B-00C04F79EFBC}") = "Tools", "Tools.csproj", "{F77AE391-65D4-4F0E-9786-0E9E3DF49E27}"
EndProject
Global
	GlobalSection(SolutionConfigurationPlatforms) = preSolution
		Debug|Any CPU = Debug|Any CPU
		Release|Any CPU = Release|Any CPU
	EndGlobalSection
	GlobalSection(ProjectConfigurationPlatforms) = postSolution
		{F77AE391-65D4-4F0E-9786-0E9E3DF49E27}.Debug|Any CPU.ActiveCfg = Debug|Any CPU
		{F77AE391-65D4-4F0E-9786-0E9E3DF49E27}.Debug|Any CPU.Build.0 = Debug|Any CPU
		{F77AE391-65D4-4F0E-9786-0E9E3DF49E27}.Release|Any CPU.ActiveCfg = Release|Any CPU
		{F77AE391-65D4-4F0E-9786-0E9E3DF49E27}.Release|Any CPU.Build.0 = Release|Any CPU
	EndGlobalSection
	GlobalSection(SolutionProperties) = preSolution
		HideSolutionNode = FALSE
	EndGlobalSection
	GlobalSection(ExtensibilityGlobals) = postSolution
		SolutionGuid = {F976ABD5-0EF8-4726-BC2D-1FE6647B265F}
	EndGlobalSection
EndGlobal
